
Microsoft Visual Studio Solution File, Format Version 12.00
# Visual Studio Version 17
VisualStudioVersion = 17.9.34728.123
MinimumVisualStudioVersion = 10.0.40219.1
Project("{FAE04EC0-301F-11D3-BF4B-00C04F79EFBC}") = "OOPlaaba.2", "OOPlaaba.2\OOPlaaba.2.csproj", "{8DD86A69-E10C-46A0-81FA-A1638B5B268A}"
EndProject
Global
	GlobalSection(SolutionConfigurationPlatforms) = preSolution
		Debug|Any CPU = Debug|Any CPU
		Release|Any CPU = Release|Any CPU
	EndGlobalSection
	GlobalSection(ProjectConfigurationPlatforms) = postSolution
		{8DD86A69-E10C-46A0-81FA-A1638B5B268A}.Debug|Any CPU.ActiveCfg = Debug|Any CPU
		{8DD86A69-E10C-46A0-81FA-A1638B5B268A}.Debug|Any CPU.Build.0 = Debug|Any CPU
		{8DD86A69-E10C-46A0-81FA-A1638B5B268A}.Release|Any CPU.ActiveCfg = Release|Any CPU
		{8DD86A69-E10C-46A0-81FA-A1638B5B268A}.Release|Any CPU.Build.0 = Release|Any CPU
	EndGlobalSection
	GlobalSection(SolutionProperties) = preSolution
		HideSolutionNode = FALSE
	EndGlobalSection
	GlobalSection(ExtensibilityGlobals) = postSolution
		SolutionGuid = {B8D515E5-5035-4970-B016-5757F822C315}
	EndGlobalSection
EndGlobal
